
Microsoft Visual Studio Solution File, Format Version 12.00
# Visual Studio Version 16
VisualStudioVersion = 16.0.30114.105
MinimumVisualStudioVersion = 10.0.40219.1
Project("{FAE04EC0-301F-11D3-BF4B-00C04F79EFBC}") = "KM-Technical-Assessment", "KM-Technical-Assessment\KM-Technical-Assessment.csproj", "{D606B82B-50B0-4471-B86C-DFB1847F7BEA}"
EndProject
Global
	GlobalSection(SolutionConfigurationPlatforms) = preSolution
		Debug|Any CPU = Debug|Any CPU
		Release|Any CPU = Release|Any CPU
	EndGlobalSection
	GlobalSection(ProjectConfigurationPlatforms) = postSolution
		{D606B82B-50B0-4471-B86C-DFB1847F7BEA}.Debug|Any CPU.ActiveCfg = Debug|Any CPU
		{D606B82B-50B0-4471-B86C-DFB1847F7BEA}.Debug|Any CPU.Build.0 = Debug|Any CPU
		{D606B82B-50B0-4471-B86C-DFB1847F7BEA}.Release|Any CPU.ActiveCfg = Release|Any CPU
		{D606B82B-50B0-4471-B86C-DFB1847F7BEA}.Release|Any CPU.Build.0 = Release|Any CPU
	EndGlobalSection
	GlobalSection(SolutionProperties) = preSolution
		HideSolutionNode = FALSE
	EndGlobalSection
	GlobalSection(ExtensibilityGlobals) = postSolution
		SolutionGuid = {A6B8AC1A-D6F0-4366-A1CD-60C34D905AB7}
	EndGlobalSection
EndGlobal
